{
  "name": "prueba-private-repo",
  "version": "v1.0.3",
  "lockfileVersion": 1,
  "requires": true,
  "dependencies": {
    "moment": {
      "version": "git://github.com/moment/moment.git#b7ec8e2ec068e03de4f832f28362675bb9e02261",
      "from": "git://github.com/moment/moment.git#semver:^2"
    }
  }
}
