{
  "name": "prueba-private-repo",
  "version": "1.0.0",
  "lockfileVersion": 1,
  "requires": true,
  "dependencies": {
    "moment": {
      "version": "git+ssh://git@github.com/moment/moment.git#e96809208c9d1b1bbe22d605e76985770024de42",
      "from": "git+ssh://git@github.com/moment/moment.git"
    }
  }
}
